
Microsoft Visual Studio Solution File, Format Version 12.00
# Visual Studio Version 17
VisualStudioVersion = 17.0.32126.317
MinimumVisualStudioVersion = 10.0.40219.1
Project("{9A19103F-16F7-4668-BE54-9A1E7A4F7556}") = "UserService", "UserService\UserService.csproj", "{EA932A10-8479-4432-B5B7-BA181EB25764}"
EndProject
Project("{9A19103F-16F7-4668-BE54-9A1E7A4F7556}") = "MailService", "MailService\MailService.csproj", "{DC9AE783-9289-4D9A-BAA7-915C9B589834}"
EndProject
Project("{9A19103F-16F7-4668-BE54-9A1E7A4F7556}") = "MailService.Test", "EmailService.Test\MailService.Test.csproj", "{C88F7117-153F-4EDF-B511-5F39908B3C91}"
EndProject
Project("{9A19103F-16F7-4668-BE54-9A1E7A4F7556}") = "UserService.Test", "UserServiceTest\UserService.Test.csproj", "{46584EF5-C5BA-477E-BFEC-7DAE1AF8E91C}"
EndProject
Project("{9A19103F-16F7-4668-BE54-9A1E7A4F7556}") = "ApiGateway", "ApiGateway\ApiGateway.csproj", "{D320F2CB-FBF0-4138-A762-B452B65ACA7D}"
EndProject
Global
	GlobalSection(SolutionConfigurationPlatforms) = preSolution
		Debug|Any CPU = Debug|Any CPU
		Release|Any CPU = Release|Any CPU
	EndGlobalSection
	GlobalSection(ProjectConfigurationPlatforms) = postSolution
		{EA932A10-8479-4432-B5B7-BA181EB25764}.Debug|Any CPU.ActiveCfg = Debug|Any CPU
		{EA932A10-8479-4432-B5B7-BA181EB25764}.Debug|Any CPU.Build.0 = Debug|Any CPU
		{EA932A10-8479-4432-B5B7-BA181EB25764}.Release|Any CPU.ActiveCfg = Release|Any CPU
		{EA932A10-8479-4432-B5B7-BA181EB25764}.Release|Any CPU.Build.0 = Release|Any CPU
		{DC9AE783-9289-4D9A-BAA7-915C9B589834}.Debug|Any CPU.ActiveCfg = Debug|Any CPU
		{DC9AE783-9289-4D9A-BAA7-915C9B589834}.Debug|Any CPU.Build.0 = Debug|Any CPU
		{DC9AE783-9289-4D9A-BAA7-915C9B589834}.Release|Any CPU.ActiveCfg = Release|Any CPU
		{DC9AE783-9289-4D9A-BAA7-915C9B589834}.Release|Any CPU.Build.0 = Release|Any CPU
		{C88F7117-153F-4EDF-B511-5F39908B3C91}.Debug|Any CPU.ActiveCfg = Debug|Any CPU
		{C88F7117-153F-4EDF-B511-5F39908B3C91}.Debug|Any CPU.Build.0 = Debug|Any CPU
		{C88F7117-153F-4EDF-B511-5F39908B3C91}.Release|Any CPU.ActiveCfg = Release|Any CPU
		{C88F7117-153F-4EDF-B511-5F39908B3C91}.Release|Any CPU.Build.0 = Release|Any CPU
		{46584EF5-C5BA-477E-BFEC-7DAE1AF8E91C}.Debug|Any CPU.ActiveCfg = Debug|Any CPU
		{46584EF5-C5BA-477E-BFEC-7DAE1AF8E91C}.Debug|Any CPU.Build.0 = Debug|Any CPU
		{46584EF5-C5BA-477E-BFEC-7DAE1AF8E91C}.Release|Any CPU.ActiveCfg = Release|Any CPU
		{46584EF5-C5BA-477E-BFEC-7DAE1AF8E91C}.Release|Any CPU.Build.0 = Release|Any CPU
		{D320F2CB-FBF0-4138-A762-B452B65ACA7D}.Debug|Any CPU.ActiveCfg = Debug|Any CPU
		{D320F2CB-FBF0-4138-A762-B452B65ACA7D}.Debug|Any CPU.Build.0 = Debug|Any CPU
		{D320F2CB-FBF0-4138-A762-B452B65ACA7D}.Release|Any CPU.ActiveCfg = Release|Any CPU
		{D320F2CB-FBF0-4138-A762-B452B65ACA7D}.Release|Any CPU.Build.0 = Release|Any CPU
	EndGlobalSection
	GlobalSection(SolutionProperties) = preSolution
		HideSolutionNode = FALSE
	EndGlobalSection
	GlobalSection(ExtensibilityGlobals) = postSolution
		SolutionGuid = {B8F4D679-7921-4747-9767-1C72BE11E36B}
	EndGlobalSection
EndGlobal
